// !$*UTF8*$!
{
	archiveVersion = 1;
	classes = {
	};
	objectVersion = 52;
	objects = {

/* Begin PBXBuildFile section */
		A7E7E28E26B8EA8D0007DADF /* AppDelegate.swift in Sources */ = {isa = PBXBuildFile; fileRef = A7E7E28D26B8EA8D0007DADF /* AppDelegate.swift */; };
		A7E7E29726B8EA900007DADF /* Assets.xcassets in Resources */ = {isa = PBXBuildFile; fileRef = A7E7E29626B8EA900007DADF /* Assets.xcassets */; };
		A7E7E29A26B8EA900007DADF /* LaunchScreen.storyboard in Resources */ = {isa = PBXBuildFile; fileRef = A7E7E29826B8EA900007DADF /* LaunchScreen.storyboard */; };
		A7E7E2A526B8EA910007DADF /* WeatherAPPTaskTests.swift in Sources */ = {isa = PBXBuildFile; fileRef = A7E7E2A426B8EA910007DADF /* WeatherAPPTaskTests.swift */; };
		A7E7E2B026B8EA910007DADF /* WeatherAPPTaskUITests.swift in Sources */ = {isa = PBXBuildFile; fileRef = A7E7E2AF26B8EA910007DADF /* WeatherAPPTaskUITests.swift */; };
		A7E7E2C126B911D90007DADF /* WeatherCell.swift in Sources */ = {isa = PBXBuildFile; fileRef = A7E7E2BF26B911D90007DADF /* WeatherCell.swift */; };
		A7E7E2C226B911D90007DADF /* WeatherCell.xib in Resources */ = {isa = PBXBuildFile; fileRef = A7E7E2C026B911D90007DADF /* WeatherCell.xib */; };
		A7F331E226B994BA002FCE71 /* WeatherResponse.swift in Sources */ = {isa = PBXBuildFile; fileRef = A7F331E126B994BA002FCE71 /* WeatherResponse.swift */; };
		A7F331F326B9E9DF002FCE71 /* String+EXT.swift in Sources */ = {isa = PBXBuildFile; fileRef = A7F331F226B9E9DF002FCE71 /* String+EXT.swift */; };
		A7F331F526B9EB2D002FCE71 /* WeatherRouter.swift in Sources */ = {isa = PBXBuildFile; fileRef = A7F331F426B9EB2D002FCE71 /* WeatherRouter.swift */; };
		A7F331F726B9EB9A002FCE71 /* WeatherProtocols.swift in Sources */ = {isa = PBXBuildFile; fileRef = A7F331F626B9EB9A002FCE71 /* WeatherProtocols.swift */; };
		A7F331FA26B9ECD1002FCE71 /* WeatherVC.swift in Sources */ = {isa = PBXBuildFile; fileRef = A7F331F826B9ECD1002FCE71 /* WeatherVC.swift */; };
		A7F331FB26B9ECD1002FCE71 /* WeatherVC.xib in Resources */ = {isa = PBXBuildFile; fileRef = A7F331F926B9ECD1002FCE71 /* WeatherVC.xib */; };
		A7F331FD26B9EEE7002FCE71 /* WeatherInteractor.swift in Sources */ = {isa = PBXBuildFile; fileRef = A7F331FC26B9EEE7002FCE71 /* WeatherInteractor.swift */; };
		A7F331FF26B9EEF8002FCE71 /* WeatherPresenter.swift in Sources */ = {isa = PBXBuildFile; fileRef = A7F331FE26B9EEF8002FCE71 /* WeatherPresenter.swift */; };
		A7F3320526B9F051002FCE71 /* BaseVC.swift in Sources */ = {isa = PBXBuildFile; fileRef = A7F3320426B9F051002FCE71 /* BaseVC.swift */; };
		A7F3320726B9F2AE002FCE71 /* UIViewController+Ext.swift in Sources */ = {isa = PBXBuildFile; fileRef = A7F3320626B9F2AE002FCE71 /* UIViewController+Ext.swift */; };
		A7F3320B26B9F6A1002FCE71 /* WeatherCellVM.swift in Sources */ = {isa = PBXBuildFile; fileRef = A7F3320A26B9F6A1002FCE71 /* WeatherCellVM.swift */; };
		A7F3321126B9F831002FCE71 /* Constants.swift in Sources */ = {isa = PBXBuildFile; fileRef = A7F3321026B9F831002FCE71 /* Constants.swift */; };
		A7F3321526B9F994002FCE71 /* AppError.swift in Sources */ = {isa = PBXBuildFile; fileRef = A7F3321426B9F994002FCE71 /* AppError.swift */; };
		A7F3322326BA3726002FCE71 /* NetworkLayer.swift in Sources */ = {isa = PBXBuildFile; fileRef = A7F3322226BA3726002FCE71 /* NetworkLayer.swift */; };
		A7F3322626BA4192002FCE71 /* RemoteSearchWorker.swift in Sources */ = {isa = PBXBuildFile; fileRef = A7F3322526BA4192002FCE71 /* RemoteSearchWorker.swift */; };
		A7F3322826BA42D1002FCE71 /* RemoteSearchWorkerProtocol.swift in Sources */ = {isa = PBXBuildFile; fileRef = A7F3322726BA42D1002FCE71 /* RemoteSearchWorkerProtocol.swift */; };
		A7F3322A26BA4B5C002FCE71 /* BaseRouterProtocol.swift in Sources */ = {isa = PBXBuildFile; fileRef = A7F3322926BA4B5C002FCE71 /* BaseRouterProtocol.swift */; };
		A7F3322D26BA7DA2002FCE71 /* RealmSwift in Frameworks */ = {isa = PBXBuildFile; productRef = A7F3322C26BA7DA2002FCE71 /* RealmSwift */; };
		A7F3323126BA7ED3002FCE71 /* LocalSearchWorkerProtocol.swift in Sources */ = {isa = PBXBuildFile; fileRef = A7F3323026BA7ED3002FCE71 /* LocalSearchWorkerProtocol.swift */; };
		A7F3323326BA7EEC002FCE71 /* LocalSearchWorker.swift in Sources */ = {isa = PBXBuildFile; fileRef = A7F3323226BA7EEC002FCE71 /* LocalSearchWorker.swift */; };
		A7F3323726BA820C002FCE71 /* RealManger.swift in Sources */ = {isa = PBXBuildFile; fileRef = A7F3323626BA820C002FCE71 /* RealManger.swift */; };
		A7F3323926BA8291002FCE71 /* LocalWeatherVM.swift in Sources */ = {isa = PBXBuildFile; fileRef = A7F3323826BA8291002FCE71 /* LocalWeatherVM.swift */; };
		A7F3323B26BAAFF4002FCE71 /* AppHelper.swift in Sources */ = {isa = PBXBuildFile; fileRef = A7F3323A26BAAFF4002FCE71 /* AppHelper.swift */; };
		A7F3324126BAF145002FCE71 /* NetworkLayer.swift in Sources */ = {isa = PBXBuildFile; fileRef = A7F3322226BA3726002FCE71 /* NetworkLayer.swift */; };
		A7F3324226BAF149002FCE71 /* RealManger.swift in Sources */ = {isa = PBXBuildFile; fileRef = A7F3323626BA820C002FCE71 /* RealManger.swift */; };
/* End PBXBuildFile section */

/* Begin PBXContainerItemProxy section */
		A7E7E2A126B8EA910007DADF /* PBXContainerItemProxy */ = {
			isa = PBXContainerItemProxy;
			containerPortal = A7E7E28226B8EA8D0007DADF /* Project object */;
			proxyType = 1;
			remoteGlobalIDString = A7E7E28926B8EA8D0007DADF;
			remoteInfo = WeatherAPPTask;
		};
		A7E7E2AC26B8EA910007DADF /* PBXContainerItemProxy */ = {
			isa = PBXContainerItemProxy;
			containerPortal = A7E7E28226B8EA8D0007DADF /* Project object */;
			proxyType = 1;
			remoteGlobalIDString = A7E7E28926B8EA8D0007DADF;
			remoteInfo = WeatherAPPTask;
		};
/* End PBXContainerItemProxy section */

/* Begin PBXFileReference section */
		A7E7E28A26B8EA8D0007DADF /* WeatherAPPTask.app */ = {isa = PBXFileReference; explicitFileType = wrapper.application; includeInIndex = 0; path = WeatherAPPTask.app; sourceTree = BUILT_PRODUCTS_DIR; };
		A7E7E28D26B8EA8D0007DADF /* AppDelegate.swift */ = {isa = PBXFileReference; lastKnownFileType = sourcecode.swift; path = AppDelegate.swift; sourceTree = "<group>"; };
		A7E7E29626B8EA900007DADF /* Assets.xcassets */ = {isa = PBXFileReference; lastKnownFileType = folder.assetcatalog; path = Assets.xcassets; sourceTree = "<group>"; };
		A7E7E29926B8EA900007DADF /* Base */ = {isa = PBXFileReference; lastKnownFileType = file.storyboard; name = Base; path = Base.lproj/LaunchScreen.storyboard; sourceTree = "<group>"; };
		A7E7E29B26B8EA900007DADF /* Info.plist */ = {isa = PBXFileReference; lastKnownFileType = text.plist.xml; path = Info.plist; sourceTree = "<group>"; };
		A7E7E2A026B8EA910007DADF /* WeatherAPPTaskTests.xctest */ = {isa = PBXFileReference; explicitFileType = wrapper.cfbundle; includeInIndex = 0; path = WeatherAPPTaskTests.xctest; sourceTree = BUILT_PRODUCTS_DIR; };
		A7E7E2A426B8EA910007DADF /* WeatherAPPTaskTests.swift */ = {isa = PBXFileReference; lastKnownFileType = sourcecode.swift; path = WeatherAPPTaskTests.swift; sourceTree = "<group>"; };
		A7E7E2A626B8EA910007DADF /* Info.plist */ = {isa = PBXFileReference; lastKnownFileType = text.plist.xml; path = Info.plist; sourceTree = "<group>"; };
		A7E7E2AB26B8EA910007DADF /* WeatherAPPTaskUITests.xctest */ = {isa = PBXFileReference; explicitFileType = wrapper.cfbundle; includeInIndex = 0; path = WeatherAPPTaskUITests.xctest; sourceTree = BUILT_PRODUCTS_DIR; };
		A7E7E2AF26B8EA910007DADF /* WeatherAPPTaskUITests.swift */ = {isa = PBXFileReference; lastKnownFileType = sourcecode.swift; path = WeatherAPPTaskUITests.swift; sourceTree = "<group>"; };
		A7E7E2B126B8EA910007DADF /* Info.plist */ = {isa = PBXFileReference; lastKnownFileType = text.plist.xml; path = Info.plist; sourceTree = "<group>"; };
		A7E7E2BF26B911D90007DADF /* WeatherCell.swift */ = {isa = PBXFileReference; lastKnownFileType = sourcecode.swift; path = WeatherCell.swift; sourceTree = "<group>"; };
		A7E7E2C026B911D90007DADF /* WeatherCell.xib */ = {isa = PBXFileReference; lastKnownFileType = file.xib; path = WeatherCell.xib; sourceTree = "<group>"; };
		A7F331E126B994BA002FCE71 /* WeatherResponse.swift */ = {isa = PBXFileReference; lastKnownFileType = sourcecode.swift; path = WeatherResponse.swift; sourceTree = "<group>"; };
		A7F331F226B9E9DF002FCE71 /* String+EXT.swift */ = {isa = PBXFileReference; fileEncoding = 4; lastKnownFileType = sourcecode.swift; path = "String+EXT.swift"; sourceTree = "<group>"; };
		A7F331F426B9EB2D002FCE71 /* WeatherRouter.swift */ = {isa = PBXFileReference; lastKnownFileType = sourcecode.swift; path = WeatherRouter.swift; sourceTree = "<group>"; };
		A7F331F626B9EB9A002FCE71 /* WeatherProtocols.swift */ = {isa = PBXFileReference; lastKnownFileType = sourcecode.swift; path = WeatherProtocols.swift; sourceTree = "<group>"; };
		A7F331F826B9ECD1002FCE71 /* WeatherVC.swift */ = {isa = PBXFileReference; lastKnownFileType = sourcecode.swift; path = WeatherVC.swift; sourceTree = "<group>"; };
		A7F331F926B9ECD1002FCE71 /* WeatherVC.xib */ = {isa = PBXFileReference; lastKnownFileType = file.xib; path = WeatherVC.xib; sourceTree = "<group>"; };
		A7F331FC26B9EEE7002FCE71 /* WeatherInteractor.swift */ = {isa = PBXFileReference; lastKnownFileType = sourcecode.swift; path = WeatherInteractor.swift; sourceTree = "<group>"; };
		A7F331FE26B9EEF8002FCE71 /* WeatherPresenter.swift */ = {isa = PBXFileReference; lastKnownFileType = sourcecode.swift; path = WeatherPresenter.swift; sourceTree = "<group>"; };
		A7F3320426B9F051002FCE71 /* BaseVC.swift */ = {isa = PBXFileReference; fileEncoding = 4; lastKnownFileType = sourcecode.swift; path = BaseVC.swift; sourceTree = "<group>"; };
		A7F3320626B9F2AE002FCE71 /* UIViewController+Ext.swift */ = {isa = PBXFileReference; lastKnownFileType = sourcecode.swift; path = "UIViewController+Ext.swift"; sourceTree = "<group>"; };
		A7F3320A26B9F6A1002FCE71 /* WeatherCellVM.swift */ = {isa = PBXFileReference; lastKnownFileType = sourcecode.swift; path = WeatherCellVM.swift; sourceTree = "<group>"; };
		A7F3321026B9F831002FCE71 /* Constants.swift */ = {isa = PBXFileReference; lastKnownFileType = sourcecode.swift; path = Constants.swift; sourceTree = "<group>"; };
		A7F3321426B9F994002FCE71 /* AppError.swift */ = {isa = PBXFileReference; fileEncoding = 4; lastKnownFileType = sourcecode.swift; path = AppError.swift; sourceTree = "<group>"; };
		A7F3322226BA3726002FCE71 /* NetworkLayer.swift */ = {isa = PBXFileReference; lastKnownFileType = sourcecode.swift; path = NetworkLayer.swift; sourceTree = "<group>"; };
		A7F3322526BA4192002FCE71 /* RemoteSearchWorker.swift */ = {isa = PBXFileReference; lastKnownFileType = sourcecode.swift; path = RemoteSearchWorker.swift; sourceTree = "<group>"; };
		A7F3322726BA42D1002FCE71 /* RemoteSearchWorkerProtocol.swift */ = {isa = PBXFileReference; lastKnownFileType = sourcecode.swift; path = RemoteSearchWorkerProtocol.swift; sourceTree = "<group>"; };
		A7F3322926BA4B5C002FCE71 /* BaseRouterProtocol.swift */ = {isa = PBXFileReference; lastKnownFileType = sourcecode.swift; path = BaseRouterProtocol.swift; sourceTree = "<group>"; };
		A7F3323026BA7ED3002FCE71 /* LocalSearchWorkerProtocol.swift */ = {isa = PBXFileReference; lastKnownFileType = sourcecode.swift; path = LocalSearchWorkerProtocol.swift; sourceTree = "<group>"; };
		A7F3323226BA7EEC002FCE71 /* LocalSearchWorker.swift */ = {isa = PBXFileReference; lastKnownFileType = sourcecode.swift; path = LocalSearchWorker.swift; sourceTree = "<group>"; };
		A7F3323626BA820C002FCE71 /* RealManger.swift */ = {isa = PBXFileReference; lastKnownFileType = sourcecode.swift; path = RealManger.swift; sourceTree = "<group>"; };
		A7F3323826BA8291002FCE71 /* LocalWeatherVM.swift */ = {isa = PBXFileReference; lastKnownFileType = sourcecode.swift; path = LocalWeatherVM.swift; sourceTree = "<group>"; };
		A7F3323A26BAAFF4002FCE71 /* AppHelper.swift */ = {isa = PBXFileReference; lastKnownFileType = sourcecode.swift; path = AppHelper.swift; sourceTree = "<group>"; };
/* End PBXFileReference section */

/* Begin PBXFrameworksBuildPhase section */
		A7E7E28726B8EA8D0007DADF /* Frameworks */ = {
			isa = PBXFrameworksBuildPhase;
			buildActionMask = 2147483647;
			files = (
				A7F3322D26BA7DA2002FCE71 /* RealmSwift in Frameworks */,
			);
			runOnlyForDeploymentPostprocessing = 0;
		};
		A7E7E29D26B8EA910007DADF /* Frameworks */ = {
			isa = PBXFrameworksBuildPhase;
			buildActionMask = 2147483647;
			files = (
			);
			runOnlyForDeploymentPostprocessing = 0;
		};
		A7E7E2A826B8EA910007DADF /* Frameworks */ = {
			isa = PBXFrameworksBuildPhase;
			buildActionMask = 2147483647;
			files = (
			);
			runOnlyForDeploymentPostprocessing = 0;
		};
/* End PBXFrameworksBuildPhase section */

/* Begin PBXGroup section */
		A7E7E28126B8EA8D0007DADF = {
			isa = PBXGroup;
			children = (
				A7E7E28C26B8EA8D0007DADF /* WeatherAPPTask */,
				A7E7E2A326B8EA910007DADF /* WeatherAPPTaskTests */,
				A7E7E2AE26B8EA910007DADF /* WeatherAPPTaskUITests */,
				A7E7E28B26B8EA8D0007DADF /* Products */,
			);
			sourceTree = "<group>";
		};
		A7E7E28B26B8EA8D0007DADF /* Products */ = {
			isa = PBXGroup;
			children = (
				A7E7E28A26B8EA8D0007DADF /* WeatherAPPTask.app */,
				A7E7E2A026B8EA910007DADF /* WeatherAPPTaskTests.xctest */,
				A7E7E2AB26B8EA910007DADF /* WeatherAPPTaskUITests.xctest */,
			);
			name = Products;
			sourceTree = "<group>";
		};
		A7E7E28C26B8EA8D0007DADF /* WeatherAPPTask */ = {
			isa = PBXGroup;
			children = (
				A7F3323426BA7F1E002FCE71 /* Managers */,
				A7F331E026B994A2002FCE71 /* Model */,
				A7F3320026B9F003002FCE71 /* Core */,
				A7F331F026B9E9B6002FCE71 /* Module */,
				A7F3322426BA4140002FCE71 /* Worker */,
				A7F3320826B9F63B002FCE71 /* Resources */,
				A7F3320926B9F67C002FCE71 /* Configuration */,
				A7E7E29B26B8EA900007DADF /* Info.plist */,
			);
			path = WeatherAPPTask;
			sourceTree = "<group>";
		};
		A7E7E2A326B8EA910007DADF /* WeatherAPPTaskTests */ = {
			isa = PBXGroup;
			children = (
				A7E7E2A426B8EA910007DADF /* WeatherAPPTaskTests.swift */,
				A7E7E2A626B8EA910007DADF /* Info.plist */,
			);
			path = WeatherAPPTaskTests;
			sourceTree = "<group>";
		};
		A7E7E2AE26B8EA910007DADF /* WeatherAPPTaskUITests */ = {
			isa = PBXGroup;
			children = (
				A7E7E2AF26B8EA910007DADF /* WeatherAPPTaskUITests.swift */,
				A7E7E2B126B8EA910007DADF /* Info.plist */,
			);
			path = WeatherAPPTaskUITests;
			sourceTree = "<group>";
		};
		A7E7E2BD26B911A20007DADF /* WeatherCell */ = {
			isa = PBXGroup;
			children = (
				A7E7E2BF26B911D90007DADF /* WeatherCell.swift */,
				A7E7E2C026B911D90007DADF /* WeatherCell.xib */,
			);
			path = WeatherCell;
			sourceTree = "<group>";
		};
		A7F331E026B994A2002FCE71 /* Model */ = {
			isa = PBXGroup;
			children = (
				A7F331E126B994BA002FCE71 /* WeatherResponse.swift */,
				A7F3320A26B9F6A1002FCE71 /* WeatherCellVM.swift */,
				A7F3323826BA8291002FCE71 /* LocalWeatherVM.swift */,
			);
			path = Model;
			sourceTree = "<group>";
		};
		A7F331ED26B9E8BD002FCE71 /* Extentions */ = {
			isa = PBXGroup;
			children = (
				A7F3320626B9F2AE002FCE71 /* UIViewController+Ext.swift */,
				A7F331F226B9E9DF002FCE71 /* String+EXT.swift */,
			);
			path = Extentions;
			sourceTree = "<group>";
		};
		A7F331F026B9E9B6002FCE71 /* Module */ = {
			isa = PBXGroup;
			children = (
				A7F331F126B9E9C2002FCE71 /* WeatherSearch */,
			);
			path = Module;
			sourceTree = "<group>";
		};
		A7F331F126B9E9C2002FCE71 /* WeatherSearch */ = {
			isa = PBXGroup;
			children = (
				A7E7E2BD26B911A20007DADF /* WeatherCell */,
				A7F331F826B9ECD1002FCE71 /* WeatherVC.swift */,
				A7F331F626B9EB9A002FCE71 /* WeatherProtocols.swift */,
				A7F331FE26B9EEF8002FCE71 /* WeatherPresenter.swift */,
				A7F331FC26B9EEE7002FCE71 /* WeatherInteractor.swift */,
				A7F331F426B9EB2D002FCE71 /* WeatherRouter.swift */,
				A7F331F926B9ECD1002FCE71 /* WeatherVC.xib */,
			);
			path = WeatherSearch;
			sourceTree = "<group>";
		};
		A7F3320026B9F003002FCE71 /* Core */ = {
			isa = PBXGroup;
			children = (
				A7F3320F26B9F81B002FCE71 /* Helpers */,
				A7F3320126B9F013002FCE71 /* Base */,
				A7F331ED26B9E8BD002FCE71 /* Extentions */,
				A7E7E28D26B8EA8D0007DADF /* AppDelegate.swift */,
			);
			path = Core;
			sourceTree = "<group>";
		};
		A7F3320126B9F013002FCE71 /* Base */ = {
			isa = PBXGroup;
			children = (
				A7F3320426B9F051002FCE71 /* BaseVC.swift */,
				A7F3321426B9F994002FCE71 /* AppError.swift */,
				A7F3322926BA4B5C002FCE71 /* BaseRouterProtocol.swift */,
			);
			path = Base;
			sourceTree = "<group>";
		};
		A7F3320826B9F63B002FCE71 /* Resources */ = {
			isa = PBXGroup;
			children = (
				A7E7E29626B8EA900007DADF /* Assets.xcassets */,
				A7E7E29826B8EA900007DADF /* LaunchScreen.storyboard */,
			);
			path = Resources;
			sourceTree = "<group>";
		};
		A7F3320926B9F67C002FCE71 /* Configuration */ = {
			isa = PBXGroup;
			children = (
			);
			path = Configuration;
			sourceTree = "<group>";
		};
		A7F3320C26B9F7AA002FCE71 /* Network Manager */ = {
			isa = PBXGroup;
			children = (
				A7F3322226BA3726002FCE71 /* NetworkLayer.swift */,
			);
			path = "Network Manager";
			sourceTree = "<group>";
		};
		A7F3320F26B9F81B002FCE71 /* Helpers */ = {
			isa = PBXGroup;
			children = (
				A7F3321026B9F831002FCE71 /* Constants.swift */,
				A7F3323A26BAAFF4002FCE71 /* AppHelper.swift */,
			);
			path = Helpers;
			sourceTree = "<group>";
		};
		A7F3322426BA4140002FCE71 /* Worker */ = {
			isa = PBXGroup;
			children = (
				A7F3322F26BA7E30002FCE71 /* LocalSearchWorker  */,
				A7F3322E26BA7DF7002FCE71 /* RemoteSearchWorker  */,
			);
			path = Worker;
			sourceTree = "<group>";
		};
		A7F3322E26BA7DF7002FCE71 /* RemoteSearchWorker  */ = {
			isa = PBXGroup;
			children = (
				A7F3322726BA42D1002FCE71 /* RemoteSearchWorkerProtocol.swift */,
				A7F3322526BA4192002FCE71 /* RemoteSearchWorker.swift */,
			);
			path = "RemoteSearchWorker ";
			sourceTree = "<group>";
		};
		A7F3322F26BA7E30002FCE71 /* LocalSearchWorker  */ = {
			isa = PBXGroup;
			children = (
				A7F3323026BA7ED3002FCE71 /* LocalSearchWorkerProtocol.swift */,
				A7F3323226BA7EEC002FCE71 /* LocalSearchWorker.swift */,
			);
			path = "LocalSearchWorker ";
			sourceTree = "<group>";
		};
		A7F3323426BA7F1E002FCE71 /* Managers */ = {
			isa = PBXGroup;
			children = (
				A7F3320C26B9F7AA002FCE71 /* Network Manager */,
				A7F3323526BA7F32002FCE71 /* Realm Manager */,
			);
			path = Managers;
			sourceTree = "<group>";
		};
		A7F3323526BA7F32002FCE71 /* Realm Manager */ = {
			isa = PBXGroup;
			children = (
				A7F3323626BA820C002FCE71 /* RealManger.swift */,
			);
			path = "Realm Manager";
			sourceTree = "<group>";
		};
/* End PBXGroup section */

/* Begin PBXNativeTarget section */
		A7E7E28926B8EA8D0007DADF /* WeatherAPPTask */ = {
			isa = PBXNativeTarget;
			buildConfigurationList = A7E7E2B426B8EA910007DADF /* Build configuration list for PBXNativeTarget "WeatherAPPTask" */;
			buildPhases = (
				A7E7E28626B8EA8D0007DADF /* Sources */,
				A7E7E28726B8EA8D0007DADF /* Frameworks */,
				A7E7E28826B8EA8D0007DADF /* Resources */,
			);
			buildRules = (
			);
			dependencies = (
			);
			name = WeatherAPPTask;
			packageProductDependencies = (
				A7F3322C26BA7DA2002FCE71 /* RealmSwift */,
			);
			productName = WeatherAPPTask;
			productReference = A7E7E28A26B8EA8D0007DADF /* WeatherAPPTask.app */;
			productType = "com.apple.product-type.application";
		};
		A7E7E29F26B8EA910007DADF /* WeatherAPPTaskTests */ = {
			isa = PBXNativeTarget;
			buildConfigurationList = A7E7E2B726B8EA910007DADF /* Build configuration list for PBXNativeTarget "WeatherAPPTaskTests" */;
			buildPhases = (
				A7E7E29C26B8EA910007DADF /* Sources */,
				A7E7E29D26B8EA910007DADF /* Frameworks */,
				A7E7E29E26B8EA910007DADF /* Resources */,
			);
			buildRules = (
			);
			dependencies = (
				A7E7E2A226B8EA910007DADF /* PBXTargetDependency */,
			);
			name = WeatherAPPTaskTests;
			productName = WeatherAPPTaskTests;
			productReference = A7E7E2A026B8EA910007DADF /* WeatherAPPTaskTests.xctest */;
			productType = "com.apple.product-type.bundle.unit-test";
		};
		A7E7E2AA26B8EA910007DADF /* WeatherAPPTaskUITests */ = {
			isa = PBXNativeTarget;
			buildConfigurationList = A7E7E2BA26B8EA910007DADF /* Build configuration list for PBXNativeTarget "WeatherAPPTaskUITests" */;
			buildPhases = (
				A7E7E2A726B8EA910007DADF /* Sources */,
				A7E7E2A826B8EA910007DADF /* Frameworks */,
				A7E7E2A926B8EA910007DADF /* Resources */,
			);
			buildRules = (
			);
			dependencies = (
				A7E7E2AD26B8EA910007DADF /* PBXTargetDependency */,
			);
			name = WeatherAPPTaskUITests;
			productName = WeatherAPPTaskUITests;
			productReference = A7E7E2AB26B8EA910007DADF /* WeatherAPPTaskUITests.xctest */;
			productType = "com.apple.product-type.bundle.ui-testing";
		};
/* End PBXNativeTarget section */

/* Begin PBXProject section */
		A7E7E28226B8EA8D0007DADF /* Project object */ = {
			isa = PBXProject;
			attributes = {
				LastSwiftUpdateCheck = 1250;
				LastUpgradeCheck = 1250;
				TargetAttributes = {
					A7E7E28926B8EA8D0007DADF = {
						CreatedOnToolsVersion = 12.5.1;
					};
					A7E7E29F26B8EA910007DADF = {
						CreatedOnToolsVersion = 12.5.1;
						TestTargetID = A7E7E28926B8EA8D0007DADF;
					};
					A7E7E2AA26B8EA910007DADF = {
						CreatedOnToolsVersion = 12.5.1;
						TestTargetID = A7E7E28926B8EA8D0007DADF;
					};
				};
			};
			buildConfigurationList = A7E7E28526B8EA8D0007DADF /* Build configuration list for PBXProject "WeatherAPPTask" */;
			compatibilityVersion = "Xcode 9.3";
			developmentRegion = en;
			hasScannedForEncodings = 0;
			knownRegions = (
				en,
				Base,
			);
			mainGroup = A7E7E28126B8EA8D0007DADF;
			packageReferences = (
				A7F3322B26BA7DA2002FCE71 /* XCRemoteSwiftPackageReference "realm-cocoa" */,
			);
			productRefGroup = A7E7E28B26B8EA8D0007DADF /* Products */;
			projectDirPath = "";
			projectRoot = "";
			targets = (
				A7E7E28926B8EA8D0007DADF /* WeatherAPPTask */,
				A7E7E29F26B8EA910007DADF /* WeatherAPPTaskTests */,
				A7E7E2AA26B8EA910007DADF /* WeatherAPPTaskUITests */,
			);
		};
/* End PBXProject section */

/* Begin PBXResourcesBuildPhase section */
		A7E7E28826B8EA8D0007DADF /* Resources */ = {
			isa = PBXResourcesBuildPhase;
			buildActionMask = 2147483647;
			files = (
				A7E7E2C226B911D90007DADF /* WeatherCell.xib in Resources */,
				A7E7E29A26B8EA900007DADF /* LaunchScreen.storyboard in Resources */,
				A7F331FB26B9ECD1002FCE71 /* WeatherVC.xib in Resources */,
				A7E7E29726B8EA900007DADF /* Assets.xcassets in Resources */,
			);
			runOnlyForDeploymentPostprocessing = 0;
		};
		A7E7E29E26B8EA910007DADF /* Resources */ = {
			isa = PBXResourcesBuildPhase;
			buildActionMask = 2147483647;
			files = (
			);
			runOnlyForDeploymentPostprocessing = 0;
		};
		A7E7E2A926B8EA910007DADF /* Resources */ = {
			isa = PBXResourcesBuildPhase;
			buildActionMask = 2147483647;
			files = (
			);
			runOnlyForDeploymentPostprocessing = 0;
		};
/* End PBXResourcesBuildPhase section */

/* Begin PBXSourcesBuildPhase section */
		A7E7E28626B8EA8D0007DADF /* Sources */ = {
			isa = PBXSourcesBuildPhase;
			buildActionMask = 2147483647;
			files = (
				A7F331F726B9EB9A002FCE71 /* WeatherProtocols.swift in Sources */,
				A7F3322A26BA4B5C002FCE71 /* BaseRouterProtocol.swift in Sources */,
				A7F3320526B9F051002FCE71 /* BaseVC.swift in Sources */,
				A7F3320726B9F2AE002FCE71 /* UIViewController+Ext.swift in Sources */,
				A7E7E2C126B911D90007DADF /* WeatherCell.swift in Sources */,
				A7F331E226B994BA002FCE71 /* WeatherResponse.swift in Sources */,
				A7F3320B26B9F6A1002FCE71 /* WeatherCellVM.swift in Sources */,
				A7F3322326BA3726002FCE71 /* NetworkLayer.swift in Sources */,
				A7F331FA26B9ECD1002FCE71 /* WeatherVC.swift in Sources */,
				A7F3323926BA8291002FCE71 /* LocalWeatherVM.swift in Sources */,
				A7F3322826BA42D1002FCE71 /* RemoteSearchWorkerProtocol.swift in Sources */,
				A7F3321526B9F994002FCE71 /* AppError.swift in Sources */,
				A7F3323126BA7ED3002FCE71 /* LocalSearchWorkerProtocol.swift in Sources */,
				A7F3323726BA820C002FCE71 /* RealManger.swift in Sources */,
				A7F331F326B9E9DF002FCE71 /* String+EXT.swift in Sources */,
				A7F3323B26BAAFF4002FCE71 /* AppHelper.swift in Sources */,
				A7F331FF26B9EEF8002FCE71 /* WeatherPresenter.swift in Sources */,
				A7E7E28E26B8EA8D0007DADF /* AppDelegate.swift in Sources */,
				A7F3321126B9F831002FCE71 /* Constants.swift in Sources */,
				A7F331F526B9EB2D002FCE71 /* WeatherRouter.swift in Sources */,
				A7F3323326BA7EEC002FCE71 /* LocalSearchWorker.swift in Sources */,
				A7F331FD26B9EEE7002FCE71 /* WeatherInteractor.swift in Sources */,
				A7F3322626BA4192002FCE71 /* RemoteSearchWorker.swift in Sources */,
			);
			runOnlyForDeploymentPostprocessing = 0;
		};
		A7E7E29C26B8EA910007DADF /* Sources */ = {
			isa = PBXSourcesBuildPhase;
			buildActionMask = 2147483647;
			files = (
				A7F3324226BAF149002FCE71 /* RealManger.swift in Sources */,
				A7F3324126BAF145002FCE71 /* NetworkLayer.swift in Sources */,
				A7E7E2A526B8EA910007DADF /* WeatherAPPTaskTests.swift in Sources */,
			);
			runOnlyForDeploymentPostprocessing = 0;
		};
		A7E7E2A726B8EA910007DADF /* Sources */ = {
			isa = PBXSourcesBuildPhase;
			buildActionMask = 2147483647;
			files = (
				A7E7E2B026B8EA910007DADF /* WeatherAPPTaskUITests.swift in Sources */,
			);
			runOnlyForDeploymentPostprocessing = 0;
		};
/* End PBXSourcesBuildPhase section */

/* Begin PBXTargetDependency section */
		A7E7E2A226B8EA910007DADF /* PBXTargetDependency */ = {
			isa = PBXTargetDependency;
			target = A7E7E28926B8EA8D0007DADF /* WeatherAPPTask */;
			targetProxy = A7E7E2A126B8EA910007DADF /* PBXContainerItemProxy */;
		};
		A7E7E2AD26B8EA910007DADF /* PBXTargetDependency */ = {
			isa = PBXTargetDependency;
			target = A7E7E28926B8EA8D0007DADF /* WeatherAPPTask */;
			targetProxy = A7E7E2AC26B8EA910007DADF /* PBXContainerItemProxy */;
		};
/* End PBXTargetDependency section */

/* Begin PBXVariantGroup section */
		A7E7E29826B8EA900007DADF /* LaunchScreen.storyboard */ = {
			isa = PBXVariantGroup;
			children = (
				A7E7E29926B8EA900007DADF /* Base */,
			);
			name = LaunchScreen.storyboard;
			sourceTree = "<group>";
		};
/* End PBXVariantGroup section */

/* Begin XCBuildConfiguration section */
		A7E7E2B226B8EA910007DADF /* Debug */ = {
			isa = XCBuildConfiguration;
			buildSettings = {
				ALWAYS_SEARCH_USER_PATHS = NO;
				CLANG_ANALYZER_NONNULL = YES;
				CLANG_ANALYZER_NUMBER_OBJECT_CONVERSION = YES_AGGRESSIVE;
				CLANG_CXX_LANGUAGE_STANDARD = "gnu++14";
				CLANG_CXX_LIBRARY = "libc++";
				CLANG_ENABLE_MODULES = YES;
				CLANG_ENABLE_OBJC_ARC = YES;
				CLANG_ENABLE_OBJC_WEAK = YES;
				CLANG_WARN_BLOCK_CAPTURE_AUTORELEASING = YES;
				CLANG_WARN_BOOL_CONVERSION = YES;
				CLANG_WARN_COMMA = YES;
				CLANG_WARN_CONSTANT_CONVERSION = YES;
				CLANG_WARN_DEPRECATED_OBJC_IMPLEMENTATIONS = YES;
				CLANG_WARN_DIRECT_OBJC_ISA_USAGE = YES_ERROR;
				CLANG_WARN_DOCUMENTATION_COMMENTS = YES;
				CLANG_WARN_EMPTY_BODY = YES;
				CLANG_WARN_ENUM_CONVERSION = YES;
				CLANG_WARN_INFINITE_RECURSION = YES;
				CLANG_WARN_INT_CONVERSION = YES;
				CLANG_WARN_NON_LITERAL_NULL_CONVERSION = YES;
				CLANG_WARN_OBJC_IMPLICIT_RETAIN_SELF = YES;
				CLANG_WARN_OBJC_LITERAL_CONVERSION = YES;
				CLANG_WARN_OBJC_ROOT_CLASS = YES_ERROR;
				CLANG_WARN_QUOTED_INCLUDE_IN_FRAMEWORK_HEADER = YES;
				CLANG_WARN_RANGE_LOOP_ANALYSIS = YES;
				CLANG_WARN_STRICT_PROTOTYPES = YES;
				CLANG_WARN_SUSPICIOUS_MOVE = YES;
				CLANG_WARN_UNGUARDED_AVAILABILITY = YES_AGGRESSIVE;
				CLANG_WARN_UNREACHABLE_CODE = YES;
				CLANG_WARN__DUPLICATE_METHOD_MATCH = YES;
				COPY_PHASE_STRIP = NO;
				DEBUG_INFORMATION_FORMAT = dwarf;
				ENABLE_STRICT_OBJC_MSGSEND = YES;
				ENABLE_TESTABILITY = YES;
				GCC_C_LANGUAGE_STANDARD = gnu11;
				GCC_DYNAMIC_NO_PIC = NO;
				GCC_NO_COMMON_BLOCKS = YES;
				GCC_OPTIMIZATION_LEVEL = 0;
				GCC_PREPROCESSOR_DEFINITIONS = (
					"DEBUG=1",
					"$(inherited)",
				);
				GCC_WARN_64_TO_32_BIT_CONVERSION = YES;
				GCC_WARN_ABOUT_RETURN_TYPE = YES_ERROR;
				GCC_WARN_UNDECLARED_SELECTOR = YES;
				GCC_WARN_UNINITIALIZED_AUTOS = YES_AGGRESSIVE;
				GCC_WARN_UNUSED_FUNCTION = YES;
				GCC_WARN_UNUSED_VARIABLE = YES;
				IPHONEOS_DEPLOYMENT_TARGET = 14.5;
				MTL_ENABLE_DEBUG_INFO = INCLUDE_SOURCE;
				MTL_FAST_MATH = YES;
				ONLY_ACTIVE_ARCH = YES;
				SDKROOT = iphoneos;
				SWIFT_ACTIVE_COMPILATION_CONDITIONS = DEBUG;
				SWIFT_OPTIMIZATION_LEVEL = "-Onone";
			};
			name = Debug;
		};
		A7E7E2B326B8EA910007DADF /* Release */ = {
			isa = XCBuildConfiguration;
			buildSettings = {
				ALWAYS_SEARCH_USER_PATHS = NO;
				CLANG_ANALYZER_NONNULL = YES;
				CLANG_ANALYZER_NUMBER_OBJECT_CONVERSION = YES_AGGRESSIVE;
				CLANG_CXX_LANGUAGE_STANDARD = "gnu++14";
				CLANG_CXX_LIBRARY = "libc++";
				CLANG_ENABLE_MODULES = YES;
				CLANG_ENABLE_OBJC_ARC = YES;
				CLANG_ENABLE_OBJC_WEAK = YES;
				CLANG_WARN_BLOCK_CAPTURE_AUTORELEASING = YES;
				CLANG_WARN_BOOL_CONVERSION = YES;
				CLANG_WARN_COMMA = YES;
				CLANG_WARN_CONSTANT_CONVERSION = YES;
				CLANG_WARN_DEPRECATED_OBJC_IMPLEMENTATIONS = YES;
				CLANG_WARN_DIRECT_OBJC_ISA_USAGE = YES_ERROR;
				CLANG_WARN_DOCUMENTATION_COMMENTS = YES;
				CLANG_WARN_EMPTY_BODY = YES;
				CLANG_WARN_ENUM_CONVERSION = YES;
				CLANG_WARN_INFINITE_RECURSION = YES;
				CLANG_WARN_INT_CONVERSION = YES;
				CLANG_WARN_NON_LITERAL_NULL_CONVERSION = YES;
				CLANG_WARN_OBJC_IMPLICIT_RETAIN_SELF = YES;
				CLANG_WARN_OBJC_LITERAL_CONVERSION = YES;
				CLANG_WARN_OBJC_ROOT_CLASS = YES_ERROR;
				CLANG_WARN_QUOTED_INCLUDE_IN_FRAMEWORK_HEADER = YES;
				CLANG_WARN_RANGE_LOOP_ANALYSIS = YES;
				CLANG_WARN_STRICT_PROTOTYPES = YES;
				CLANG_WARN_SUSPICIOUS_MOVE = YES;
				CLANG_WARN_UNGUARDED_AVAILABILITY = YES_AGGRESSIVE;
				CLANG_WARN_UNREACHABLE_CODE = YES;
				CLANG_WARN__DUPLICATE_METHOD_MATCH = YES;
				COPY_PHASE_STRIP = NO;
				DEBUG_INFORMATION_FORMAT = "dwarf-with-dsym";
				ENABLE_NS_ASSERTIONS = NO;
				ENABLE_STRICT_OBJC_MSGSEND = YES;
				GCC_C_LANGUAGE_STANDARD = gnu11;
				GCC_NO_COMMON_BLOCKS = YES;
				GCC_WARN_64_TO_32_BIT_CONVERSION = YES;
				GCC_WARN_ABOUT_RETURN_TYPE = YES_ERROR;
				GCC_WARN_UNDECLARED_SELECTOR = YES;
				GCC_WARN_UNINITIALIZED_AUTOS = YES_AGGRESSIVE;
				GCC_WARN_UNUSED_FUNCTION = YES;
				GCC_WARN_UNUSED_VARIABLE = YES;
				IPHONEOS_DEPLOYMENT_TARGET = 14.5;
				MTL_ENABLE_DEBUG_INFO = NO;
				MTL_FAST_MATH = YES;
				SDKROOT = iphoneos;
				SWIFT_COMPILATION_MODE = wholemodule;
				SWIFT_OPTIMIZATION_LEVEL = "-O";
				VALIDATE_PRODUCT = YES;
			};
			name = Release;
		};
		A7E7E2B526B8EA910007DADF /* Debug */ = {
			isa = XCBuildConfiguration;
			buildSettings = {
				ASSETCATALOG_COMPILER_APPICON_NAME = AppIcon;
				ASSETCATALOG_COMPILER_GLOBAL_ACCENT_COLOR_NAME = AccentColor;
				CODE_SIGN_STYLE = Automatic;
				INFOPLIST_FILE = WeatherAPPTask/Info.plist;
				LD_RUNPATH_SEARCH_PATHS = (
					"$(inherited)",
					"@executable_path/Frameworks",
				);
				PRODUCT_BUNDLE_IDENTIFIER = com.weatherapp.task.WeatherAPPTask;
				PRODUCT_NAME = "$(TARGET_NAME)";
				SWIFT_VERSION = 5.0;
				TARGETED_DEVICE_FAMILY = "1,2";
			};
			name = Debug;
		};
		A7E7E2B626B8EA910007DADF /* Release */ = {
			isa = XCBuildConfiguration;
			buildSettings = {
				ASSETCATALOG_COMPILER_APPICON_NAME = AppIcon;
				ASSETCATALOG_COMPILER_GLOBAL_ACCENT_COLOR_NAME = AccentColor;
				CODE_SIGN_STYLE = Automatic;
				INFOPLIST_FILE = WeatherAPPTask/Info.plist;
				LD_RUNPATH_SEARCH_PATHS = (
					"$(inherited)",
					"@executable_path/Frameworks",
				);
				PRODUCT_BUNDLE_IDENTIFIER = com.weatherapp.task.WeatherAPPTask;
				PRODUCT_NAME = "$(TARGET_NAME)";
				SWIFT_VERSION = 5.0;
				TARGETED_DEVICE_FAMILY = "1,2";
			};
			name = Release;
		};
		A7E7E2B826B8EA910007DADF /* Debug */ = {
			isa = XCBuildConfiguration;
			buildSettings = {
				ALWAYS_EMBED_SWIFT_STANDARD_LIBRARIES = YES;
				BUNDLE_LOADER = "$(TEST_HOST)";
				CODE_SIGN_STYLE = Automatic;
				INFOPLIST_FILE = WeatherAPPTaskTests/Info.plist;
				IPHONEOS_DEPLOYMENT_TARGET = 14.5;
				LD_RUNPATH_SEARCH_PATHS = (
					"$(inherited)",
					"@executable_path/Frameworks",
					"@loader_path/Frameworks",
				);
				PRODUCT_BUNDLE_IDENTIFIER = com.weatherapp.task.WeatherAPPTaskTests;
				PRODUCT_NAME = "$(TARGET_NAME)";
				SWIFT_VERSION = 5.0;
				TARGETED_DEVICE_FAMILY = "1,2";
				TEST_HOST = "$(BUILT_PRODUCTS_DIR)/WeatherAPPTask.app/WeatherAPPTask";
			};
			name = Debug;
		};
		A7E7E2B926B8EA910007DADF /* Release */ = {
			isa = XCBuildConfiguration;
			buildSettings = {
				ALWAYS_EMBED_SWIFT_STANDARD_LIBRARIES = YES;
				BUNDLE_LOADER = "$(TEST_HOST)";
				CODE_SIGN_STYLE = Automatic;
				INFOPLIST_FILE = WeatherAPPTaskTests/Info.plist;
				IPHONEOS_DEPLOYMENT_TARGET = 14.5;
				LD_RUNPATH_SEARCH_PATHS = (
					"$(inherited)",
					"@executable_path/Frameworks",
					"@loader_path/Frameworks",
				);
				PRODUCT_BUNDLE_IDENTIFIER = com.weatherapp.task.WeatherAPPTaskTests;
				PRODUCT_NAME = "$(TARGET_NAME)";
				SWIFT_VERSION = 5.0;
				TARGETED_DEVICE_FAMILY = "1,2";
				TEST_HOST = "$(BUILT_PRODUCTS_DIR)/WeatherAPPTask.app/WeatherAPPTask";
			};
			name = Release;
		};
		A7E7E2BB26B8EA910007DADF /* Debug */ = {
			isa = XCBuildConfiguration;
			buildSettings = {
				ALWAYS_EMBED_SWIFT_STANDARD_LIBRARIES = YES;
				CODE_SIGN_STYLE = Automatic;
				INFOPLIST_FILE = WeatherAPPTaskUITests/Info.plist;
				LD_RUNPATH_SEARCH_PATHS = (
					"$(inherited)",
					"@executable_path/Frameworks",
					"@loader_path/Frameworks",
				);
				PRODUCT_BUNDLE_IDENTIFIER = com.weatherapp.task.WeatherAPPTaskUITests;
				PRODUCT_NAME = "$(TARGET_NAME)";
				SWIFT_VERSION = 5.0;
				TARGETED_DEVICE_FAMILY = "1,2";
				TEST_TARGET_NAME = WeatherAPPTask;
			};
			name = Debug;
		};
		A7E7E2BC26B8EA910007DADF /* Release */ = {
			isa = XCBuildConfiguration;
			buildSettings = {
				ALWAYS_EMBED_SWIFT_STANDARD_LIBRARIES = YES;
				CODE_SIGN_STYLE = Automatic;
				INFOPLIST_FILE = WeatherAPPTaskUITests/Info.plist;
				LD_RUNPATH_SEARCH_PATHS = (
					"$(inherited)",
					"@executable_path/Frameworks",
					"@loader_path/Frameworks",
				);
				PRODUCT_BUNDLE_IDENTIFIER = com.weatherapp.task.WeatherAPPTaskUITests;
				PRODUCT_NAME = "$(TARGET_NAME)";
				SWIFT_VERSION = 5.0;
				TARGETED_DEVICE_FAMILY = "1,2";
				TEST_TARGET_NAME = WeatherAPPTask;
			};
			name = Release;
		};
/* End XCBuildConfiguration section */

/* Begin XCConfigurationList section */
		A7E7E28526B8EA8D0007DADF /* Build configuration list for PBXProject "WeatherAPPTask" */ = {
			isa = XCConfigurationList;
			buildConfigurations = (
				A7E7E2B226B8EA910007DADF /* Debug */,
				A7E7E2B326B8EA910007DADF /* Release */,
			);
			defaultConfigurationIsVisible = 0;
			defaultConfigurationName = Release;
		};
		A7E7E2B426B8EA910007DADF /* Build configuration list for PBXNativeTarget "WeatherAPPTask" */ = {
			isa = XCConfigurationList;
			buildConfigurations = (
				A7E7E2B526B8EA910007DADF /* Debug */,
				A7E7E2B626B8EA910007DADF /* Release */,
			);
			defaultConfigurationIsVisible = 0;
			defaultConfigurationName = Release;
		};
		A7E7E2B726B8EA910007DADF /* Build configuration list for PBXNativeTarget "WeatherAPPTaskTests" */ = {
			isa = XCConfigurationList;
			buildConfigurations = (
				A7E7E2B826B8EA910007DADF /* Debug */,
				A7E7E2B926B8EA910007DADF /* Release */,
			);
			defaultConfigurationIsVisible = 0;
			defaultConfigurationName = Release;
		};
		A7E7E2BA26B8EA910007DADF /* Build configuration list for PBXNativeTarget "WeatherAPPTaskUITests" */ = {
			isa = XCConfigurationList;
			buildConfigurations = (
				A7E7E2BB26B8EA910007DADF /* Debug */,
				A7E7E2BC26B8EA910007DADF /* Release */,
			);
			defaultConfigurationIsVisible = 0;
			defaultConfigurationName = Release;
		};
/* End XCConfigurationList section */

/* Begin XCRemoteSwiftPackageReference section */
		A7F3322B26BA7DA2002FCE71 /* XCRemoteSwiftPackageReference "realm-cocoa" */ = {
			isa = XCRemoteSwiftPackageReference;
			repositoryURL = "https://github.com/realm/realm-cocoa.git";
			requirement = {
				kind = upToNextMajorVersion;
				minimumVersion = 10.12.0;
			};
		};
/* End XCRemoteSwiftPackageReference section */

/* Begin XCSwiftPackageProductDependency section */
		A7F3322C26BA7DA2002FCE71 /* RealmSwift */ = {
			isa = XCSwiftPackageProductDependency;
			package = A7F3322B26BA7DA2002FCE71 /* XCRemoteSwiftPackageReference "realm-cocoa" */;
			productName = RealmSwift;
		};
/* End XCSwiftPackageProductDependency section */
	};
	rootObject = A7E7E28226B8EA8D0007DADF /* Project object */;
}
